<?xml version="1.0" encoding="utf-8"?>
<Project ToolsVersion="4.0" xmlns="http://schemas.microsoft.com/developer/msbuild/2003">
  <ItemGroup>
    <Filter Include="Source Files">
      <UniqueIdentifier>{4FC737F1-C7A5-4376-A066-2A32D752A2FF}</UniqueIdentifier>
      <Extensions>cpp;c;cc;cxx;def;odl;idl;hpj;bat;asm;asmx</Extensions>
    </Filter>
    <Filter Include="Header Files">
      <UniqueIdentifier>{93995380-89BD-4b04-88EB-625FBE52EBFB}</UniqueIdentifier>
      <Extensions>h;hh;hpp;hxx;hm;inl;inc;xsd</Extensions>
    </Filter>
    <Filter Include="Resource Files">
      <UniqueIdentifier>{67DA6AB6-F800-4c08-8B7A-83BB121AAD01}</UniqueIdentifier>
      <Extensions>rc;ico;cur;bmp;dlg;rc2;rct;bin;rgs;gif;jpg;jpeg;jpe;resx;tiff;tif;png;wav;mfcribbon-ms</Extensions>
    </Filter>
  </ItemGroup>
  <ItemGroup>
    <ClCompile Include="Main.cpp">
      <Filter>Source Files</Filter>
    </ClCompile>
    <ClCompile Include="Word.cpp">
      <Filter>Source Files</Filter>
    </ClCompile>
    <ClCompile Include="Dictionary.cpp">
      <Filter>Source Files</Filter>
    </ClCompile>
    <ClCompile Include="Noun.cpp">
      <Filter>Source Files</Filter>
    </ClCompile>
    <ClCompile Include="Verb.cpp">
      <Filter>Source Files</Filter>
    </ClCompile>
    <ClCompile Include="Adverb.cpp">
      <Filter>Source Files</Filter>
    </ClCompile>
    <ClCompile Include="Adjective.cpp">
      <Filter>Source Files</Filter>
    </ClCompile>
    <ClCompile Include="MiscWord.cpp">
      <Filter>Source Files</Filter>
    </ClCompile>
    <ClCompile Include="Preposition.cpp">
      <Filter>Source Files</Filter>
    </ClCompile>
    <ClCompile Include="ProperNoun.cpp">
      <Filter>Source Files</Filter>
    </ClCompile>
    <ClCompile Include="NounAndVerb.cpp">
      <Filter>Source Files</Filter>
    </ClCompile>
    <ClCompile Include="FunWithTriGrams.cpp">
      <Filter>Source Files</Filter>
    </ClCompile>
  </ItemGroup>
  <ItemGroup>
    <ClInclude Include="Word.h">
      <Filter>Header Files</Filter>
    </ClInclude>
    <ClInclude Include="Dictionary.h">
      <Filter>Header Files</Filter>
    </ClInclude>
    <ClInclude Include="Noun.h">
      <Filter>Header Files</Filter>
    </ClInclude>
    <ClInclude Include="Verb.h">
      <Filter>Header Files</Filter>
    </ClInclude>
    <ClInclude Include="Adverb.h">
      <Filter>Header Files</Filter>
    </ClInclude>
    <ClInclude Include="Adjective.h">
      <Filter>Header Files</Filter>
    </ClInclude>
    <ClInclude Include="MiscWord.h">
      <Filter>Header Files</Filter>
    </ClInclude>
    <ClInclude Include="Preposition.h">
      <Filter>Header Files</Filter>
    </ClInclude>
    <ClInclude Include="ProperNoun.h">
      <Filter>Header Files</Filter>
    </ClInclude>
    <ClInclude Include="NounAndVerb.h">
      <Filter>Header Files</Filter>
    </ClInclude>
    <ClInclude Include="FunWithTriGrams.h">
      <Filter>Header Files</Filter>
    </ClInclude>
  </ItemGroup>
</Project>